
Microsoft Visual Studio Solution File, Format Version 12.00
# Visual Studio Version 16
VisualStudioVersion = 16.0.31424.327
MinimumVisualStudioVersion = 10.0.40219.1
Project("{9A19103F-16F7-4668-BE54-9A1E7A4F7556}") = "LinkedList", "LinkedList.csproj", "{CAC0A650-7494-4C7E-AB9E-6E0896C6B08F}"
EndProject
Project("{2150E333-8FDC-42A3-9474-1A3956D46DE8}") = "Solution Items", "Solution Items", "{892D5166-D45B-4778-886F-D3BA3BFF7E2C}"
EndProject
Project("{FAE04EC0-301F-11D3-BF4B-00C04F79EFBC}") = "LinkedListTesting", "..\LinkedListTesting\LinkedListTesting.csproj", "{6A3D4698-4DF5-46A9-812C-9FE91F4C597F}"
EndProject
Global
	GlobalSection(SolutionConfigurationPlatforms) = preSolution
		Debug|Any CPU = Debug|Any CPU
		Release|Any CPU = Release|Any CPU
	EndGlobalSection
	GlobalSection(ProjectConfigurationPlatforms) = postSolution
		{CAC0A650-7494-4C7E-AB9E-6E0896C6B08F}.Debug|Any CPU.ActiveCfg = Debug|Any CPU
		{CAC0A650-7494-4C7E-AB9E-6E0896C6B08F}.Debug|Any CPU.Build.0 = Debug|Any CPU
		{CAC0A650-7494-4C7E-AB9E-6E0896C6B08F}.Release|Any CPU.ActiveCfg = Release|Any CPU
		{CAC0A650-7494-4C7E-AB9E-6E0896C6B08F}.Release|Any CPU.Build.0 = Release|Any CPU
		{6A3D4698-4DF5-46A9-812C-9FE91F4C597F}.Debug|Any CPU.ActiveCfg = Debug|Any CPU
		{6A3D4698-4DF5-46A9-812C-9FE91F4C597F}.Debug|Any CPU.Build.0 = Debug|Any CPU
		{6A3D4698-4DF5-46A9-812C-9FE91F4C597F}.Release|Any CPU.ActiveCfg = Release|Any CPU
		{6A3D4698-4DF5-46A9-812C-9FE91F4C597F}.Release|Any CPU.Build.0 = Release|Any CPU
	EndGlobalSection
	GlobalSection(SolutionProperties) = preSolution
		HideSolutionNode = FALSE
	EndGlobalSection
	GlobalSection(ExtensibilityGlobals) = postSolution
		SolutionGuid = {6196E0AA-F407-43BD-9E94-69AD6A7101D6}
	EndGlobalSection
EndGlobal
